
Microsoft Visual Studio Solution File, Format Version 12.00
Project("{FAE04EC0-301F-11D3-BF4B-00C04F79EFBC}") = "Bank", "Bank\Bank.csproj", "{A6806164-E390-492D-BD85-7866BBD60CE0}"
EndProject
Project("{FAE04EC0-301F-11D3-BF4B-00C04F79EFBC}") = "BankTest", "BankTest\BankTest.csproj", "{7C37DCBE-4696-48AB-A9E6-9C34E2DB7F14}"
EndProject
Global
	GlobalSection(SolutionConfigurationPlatforms) = preSolution
		Debug|Any CPU = Debug|Any CPU
		Release|Any CPU = Release|Any CPU
	EndGlobalSection
	GlobalSection(ProjectConfigurationPlatforms) = postSolution
		{A6806164-E390-492D-BD85-7866BBD60CE0}.Debug|Any CPU.ActiveCfg = Debug|Any CPU
		{A6806164-E390-492D-BD85-7866BBD60CE0}.Debug|Any CPU.Build.0 = Debug|Any CPU
		{A6806164-E390-492D-BD85-7866BBD60CE0}.Release|Any CPU.ActiveCfg = Release|Any CPU
		{A6806164-E390-492D-BD85-7866BBD60CE0}.Release|Any CPU.Build.0 = Release|Any CPU
		{7C37DCBE-4696-48AB-A9E6-9C34E2DB7F14}.Debug|Any CPU.ActiveCfg = Debug|Any CPU
		{7C37DCBE-4696-48AB-A9E6-9C34E2DB7F14}.Debug|Any CPU.Build.0 = Debug|Any CPU
		{7C37DCBE-4696-48AB-A9E6-9C34E2DB7F14}.Release|Any CPU.ActiveCfg = Release|Any CPU
		{7C37DCBE-4696-48AB-A9E6-9C34E2DB7F14}.Release|Any CPU.Build.0 = Release|Any CPU
	EndGlobalSection
EndGlobal
